
Microsoft Visual Studio Solution File, Format Version 12.00
# Visual Studio Version 16
VisualStudioVersion = 16.0.30225.117
MinimumVisualStudioVersion = 10.0.40219.1
Project("{FAE04EC0-301F-11D3-BF4B-00C04F79EFBC}") = "Fastjson_TestClass", "Fastjson_TestClass\Fastjson_TestClass.csproj", "{2581ABF5-2A32-4015-9EDE-EAD1C843288E}"
EndProject
Global
	GlobalSection(SolutionConfigurationPlatforms) = preSolution
		Debug|Any CPU = Debug|Any CPU
		Release|Any CPU = Release|Any CPU
	EndGlobalSection
	GlobalSection(ProjectConfigurationPlatforms) = postSolution
		{2581ABF5-2A32-4015-9EDE-EAD1C843288E}.Debug|Any CPU.ActiveCfg = Debug|Any CPU
		{2581ABF5-2A32-4015-9EDE-EAD1C843288E}.Debug|Any CPU.Build.0 = Debug|Any CPU
		{2581ABF5-2A32-4015-9EDE-EAD1C843288E}.Release|Any CPU.ActiveCfg = Release|Any CPU
		{2581ABF5-2A32-4015-9EDE-EAD1C843288E}.Release|Any CPU.Build.0 = Release|Any CPU
	EndGlobalSection
	GlobalSection(SolutionProperties) = preSolution
		HideSolutionNode = FALSE
	EndGlobalSection
	GlobalSection(ExtensibilityGlobals) = postSolution
		SolutionGuid = {FAC0E19C-FACD-47A0-AF4D-5CB880CF51A4}
	EndGlobalSection
EndGlobal
