
Microsoft Visual Studio Solution File, Format Version 12.00
# Visual Studio Version 16
VisualStudioVersion = 16.0.30225.117
MinimumVisualStudioVersion = 10.0.40219.1
Project("{FAE04EC0-301F-11D3-BF4B-00C04F79EFBC}") = "Deserialize_2", "Deserialize_2\Deserialize_2.csproj", "{5FDCAE8F-E6B0-4704-86D1-2E86C4C1C3AB}"
EndProject
Global
	GlobalSection(SolutionConfigurationPlatforms) = preSolution
		Debug|Any CPU = Debug|Any CPU
		Release|Any CPU = Release|Any CPU
	EndGlobalSection
	GlobalSection(ProjectConfigurationPlatforms) = postSolution
		{5FDCAE8F-E6B0-4704-86D1-2E86C4C1C3AB}.Debug|Any CPU.ActiveCfg = Debug|Any CPU
		{5FDCAE8F-E6B0-4704-86D1-2E86C4C1C3AB}.Debug|Any CPU.Build.0 = Debug|Any CPU
		{5FDCAE8F-E6B0-4704-86D1-2E86C4C1C3AB}.Release|Any CPU.ActiveCfg = Release|Any CPU
		{5FDCAE8F-E6B0-4704-86D1-2E86C4C1C3AB}.Release|Any CPU.Build.0 = Release|Any CPU
	EndGlobalSection
	GlobalSection(SolutionProperties) = preSolution
		HideSolutionNode = FALSE
	EndGlobalSection
	GlobalSection(ExtensibilityGlobals) = postSolution
		SolutionGuid = {C699CCC5-1A2C-4B23-982D-FDA78C8EA8AB}
	EndGlobalSection
EndGlobal
