
Microsoft Visual Studio Solution File, Format Version 12.00
# Visual Studio Version 16
VisualStudioVersion = 16.0.30225.117
MinimumVisualStudioVersion = 10.0.40219.1
Project("{FAE04EC0-301F-11D3-BF4B-00C04F79EFBC}") = "JsonNet_ObjectDataProvider", "Deserialize_4\JsonNet_ObjectDataProvider.csproj", "{52B3F922-31F2-42BD-9E30-D7A32CB5CBF1}"
EndProject
Global
	GlobalSection(SolutionConfigurationPlatforms) = preSolution
		Debug|Any CPU = Debug|Any CPU
		Release|Any CPU = Release|Any CPU
	EndGlobalSection
	GlobalSection(ProjectConfigurationPlatforms) = postSolution
		{52B3F922-31F2-42BD-9E30-D7A32CB5CBF1}.Debug|Any CPU.ActiveCfg = Debug|Any CPU
		{52B3F922-31F2-42BD-9E30-D7A32CB5CBF1}.Debug|Any CPU.Build.0 = Debug|Any CPU
		{52B3F922-31F2-42BD-9E30-D7A32CB5CBF1}.Release|Any CPU.ActiveCfg = Release|Any CPU
		{52B3F922-31F2-42BD-9E30-D7A32CB5CBF1}.Release|Any CPU.Build.0 = Release|Any CPU
	EndGlobalSection
	GlobalSection(SolutionProperties) = preSolution
		HideSolutionNode = FALSE
	EndGlobalSection
	GlobalSection(ExtensibilityGlobals) = postSolution
		SolutionGuid = {D209EA38-188F-4840-A235-05F5659D233B}
	EndGlobalSection
EndGlobal
