
Microsoft Visual Studio Solution File, Format Version 12.00
# Visual Studio Version 16
VisualStudioVersion = 16.0.30225.117
MinimumVisualStudioVersion = 10.0.40219.1
Project("{FAE04EC0-301F-11D3-BF4B-00C04F79EFBC}") = "DatasetTest", "DatasetTest\DatasetTest.csproj", "{B2F060B2-677D-4EE6-9D97-16EF42CAE0C4}"
EndProject
Global
	GlobalSection(SolutionConfigurationPlatforms) = preSolution
		Debug|Any CPU = Debug|Any CPU
		Release|Any CPU = Release|Any CPU
	EndGlobalSection
	GlobalSection(ProjectConfigurationPlatforms) = postSolution
		{B2F060B2-677D-4EE6-9D97-16EF42CAE0C4}.Debug|Any CPU.ActiveCfg = Debug|Any CPU
		{B2F060B2-677D-4EE6-9D97-16EF42CAE0C4}.Debug|Any CPU.Build.0 = Debug|Any CPU
		{B2F060B2-677D-4EE6-9D97-16EF42CAE0C4}.Release|Any CPU.ActiveCfg = Release|Any CPU
		{B2F060B2-677D-4EE6-9D97-16EF42CAE0C4}.Release|Any CPU.Build.0 = Release|Any CPU
	EndGlobalSection
	GlobalSection(SolutionProperties) = preSolution
		HideSolutionNode = FALSE
	EndGlobalSection
	GlobalSection(ExtensibilityGlobals) = postSolution
		SolutionGuid = {D2C970F1-01CA-4415-9684-36DFE27C3A08}
	EndGlobalSection
EndGlobal
